{
  "name": "notes-app",
  "version": "1.0.0",
  "lockfileVersion": 1,
  "requires": true,
  "dependencies": {
    "validator": {
      "version": "10.8.0",
      "resolved": "https://artifactory.ib-ci.com:443/artifactory/api/npm/npm-release/validator/-/validator-10.8.0.tgz",
      "integrity": "sha1-issVpcOUEcvI7yvgyYwlFNpEEKc="
    }
  }
}
